
Microsoft Visual Studio Solution File, Format Version 12.00
# Visual Studio Version 17
VisualStudioVersion = 17.5.33424.131
MinimumVisualStudioVersion = 10.0.40219.1
Project("{FAE04EC0-301F-11D3-BF4B-00C04F79EFBC}") = "RepositoryPatternWithUOW.API", "RepositoryPatternWithUOW.API\RepositoryPatternWithUOW.API.csproj", "{BE28233F-F321-4B28-8B6A-B216AD9A679C}"
EndProject
Project("{FAE04EC0-301F-11D3-BF4B-00C04F79EFBC}") = "RepositoryPatternWithUOW.Core", "RepositoryPatternWithUOW.Core\RepositoryPatternWithUOW.Core.csproj", "{C83528A7-1D09-40CC-B6E6-5996DA7A0531}"
EndProject
Project("{FAE04EC0-301F-11D3-BF4B-00C04F79EFBC}") = "RepositoryPatternWithUOW.EF", "RepositoryPatternWithUOW.EF\RepositoryPatternWithUOW.EF.csproj", "{CBB4B631-A1F6-4B42-8C18-7499DCD7FB02}"
EndProject
Global
	GlobalSection(SolutionConfigurationPlatforms) = preSolution
		Debug|Any CPU = Debug|Any CPU
		Release|Any CPU = Release|Any CPU
	EndGlobalSection
	GlobalSection(ProjectConfigurationPlatforms) = postSolution
		{BE28233F-F321-4B28-8B6A-B216AD9A679C}.Debug|Any CPU.ActiveCfg = Debug|Any CPU
		{BE28233F-F321-4B28-8B6A-B216AD9A679C}.Debug|Any CPU.Build.0 = Debug|Any CPU
		{BE28233F-F321-4B28-8B6A-B216AD9A679C}.Release|Any CPU.ActiveCfg = Release|Any CPU
		{BE28233F-F321-4B28-8B6A-B216AD9A679C}.Release|Any CPU.Build.0 = Release|Any CPU
		{C83528A7-1D09-40CC-B6E6-5996DA7A0531}.Debug|Any CPU.ActiveCfg = Debug|Any CPU
		{C83528A7-1D09-40CC-B6E6-5996DA7A0531}.Debug|Any CPU.Build.0 = Debug|Any CPU
		{C83528A7-1D09-40CC-B6E6-5996DA7A0531}.Release|Any CPU.ActiveCfg = Release|Any CPU
		{C83528A7-1D09-40CC-B6E6-5996DA7A0531}.Release|Any CPU.Build.0 = Release|Any CPU
		{CBB4B631-A1F6-4B42-8C18-7499DCD7FB02}.Debug|Any CPU.ActiveCfg = Debug|Any CPU
		{CBB4B631-A1F6-4B42-8C18-7499DCD7FB02}.Debug|Any CPU.Build.0 = Debug|Any CPU
		{CBB4B631-A1F6-4B42-8C18-7499DCD7FB02}.Release|Any CPU.ActiveCfg = Release|Any CPU
		{CBB4B631-A1F6-4B42-8C18-7499DCD7FB02}.Release|Any CPU.Build.0 = Release|Any CPU
	EndGlobalSection
	GlobalSection(SolutionProperties) = preSolution
		HideSolutionNode = FALSE
	EndGlobalSection
	GlobalSection(ExtensibilityGlobals) = postSolution
		SolutionGuid = {D82E3239-E38B-4AD5-BB26-290BAD62523C}
	EndGlobalSection
EndGlobal
